
Microsoft Visual Studio Solution File, Format Version 12.00
# Visual Studio 15
VisualStudioVersion = 15.0.27703.2035
MinimumVisualStudioVersion = 10.0.40219.1
Project("{8BC9CEB8-8B4A-11D0-8D11-00A0C91BC942}") = "InverseSquareRoot", "InverseSquareRoot\InverseSquareRoot.vcxproj", "{F2252F35-81E7-4408-8E7C-2369E57B714D}"
EndProject
Global
	GlobalSection(SolutionConfigurationPlatforms) = preSolution
		Debug|x64 = Debug|x64
		Debug|x86 = Debug|x86
		Release|x64 = Release|x64
		Release|x86 = Release|x86
	EndGlobalSection
	GlobalSection(ProjectConfigurationPlatforms) = postSolution
		{F2252F35-81E7-4408-8E7C-2369E57B714D}.Debug|x64.ActiveCfg = Debug|x64
		{F2252F35-81E7-4408-8E7C-2369E57B714D}.Debug|x64.Build.0 = Debug|x64
		{F2252F35-81E7-4408-8E7C-2369E57B714D}.Debug|x86.ActiveCfg = Debug|Win32
		{F2252F35-81E7-4408-8E7C-2369E57B714D}.Debug|x86.Build.0 = Debug|Win32
		{F2252F35-81E7-4408-8E7C-2369E57B714D}.Release|x64.ActiveCfg = Release|x64
		{F2252F35-81E7-4408-8E7C-2369E57B714D}.Release|x64.Build.0 = Release|x64
		{F2252F35-81E7-4408-8E7C-2369E57B714D}.Release|x86.ActiveCfg = Release|Win32
		{F2252F35-81E7-4408-8E7C-2369E57B714D}.Release|x86.Build.0 = Release|Win32
	EndGlobalSection
	GlobalSection(SolutionProperties) = preSolution
		HideSolutionNode = FALSE
	EndGlobalSection
	GlobalSection(ExtensibilityGlobals) = postSolution
		SolutionGuid = {6EEED801-FB1E-4B99-A74A-06D2F6A197BB}
	EndGlobalSection
EndGlobal
